{
  "nodes": {
    "nixpkgs": {
      "locked": {
        "lastModified": 1681591786,
        "narHash": "sha256-B3u1iKUw6L3FcTRGTpjB68M/X50q+e3CZ3zY+dZelNk=",
        "owner": "nixos",
        "repo": "nixpkgs",
        "rev": "0e9ef045b5d5fb693eac4ee8cdd3a11d5e3edc54",
        "type": "github"
      },
      "original": {
        "owner": "nixos",
        "ref": "nixos-unstable-small",
        "repo": "nixpkgs",
        "type": "github"
      }
    },
    "root": {
      "inputs": {
        "nixpkgs": "nixpkgs"
      }
    }
  },
  "root": "root",
  "version": 7
}
