{
  "nodes": {
    "nixpkgs": {
      "locked": {
        "lastModified": 1661663669,
        "narHash": "sha256-TsVDHYX9boTJPsgzGrQLZN5hv5V96pUVL5RgK5yLKPY=",
        "path": "/nix/store/9nzfpagh1kqx8xck8ymizvci421vbrvb-source",
        "rev": "6cae4be2a768154ae9815d8238f00b03a89ea21f",
        "type": "path"
      },
      "original": {
        "id": "nixpkgs",
        "type": "indirect"
      }
    },
    "root": {
      "inputs": {
        "nixpkgs": "nixpkgs"
      }
    }
  },
  "root": "root",
  "version": 7
}
